
Microsoft Visual Studio Solution File, Format Version 12.00
# Visual Studio Version 17
VisualStudioVersion = 17.3.32929.385
MinimumVisualStudioVersion = 10.0.40219.1
Project("{FAE04EC0-301F-11D3-BF4B-00C04F79EFBC}") = "QuanLyDeTai", "QuanLyDeTai\QuanLyDeTai.csproj", "{94D6F53C-FEEB-4BAF-A18A-69BD6614466A}"
EndProject
Global
	GlobalSection(SolutionConfigurationPlatforms) = preSolution
		Debug|Any CPU = Debug|Any CPU
		Release|Any CPU = Release|Any CPU
	EndGlobalSection
	GlobalSection(ProjectConfigurationPlatforms) = postSolution
		{94D6F53C-FEEB-4BAF-A18A-69BD6614466A}.Debug|Any CPU.ActiveCfg = Debug|Any CPU
		{94D6F53C-FEEB-4BAF-A18A-69BD6614466A}.Debug|Any CPU.Build.0 = Debug|Any CPU
		{94D6F53C-FEEB-4BAF-A18A-69BD6614466A}.Release|Any CPU.ActiveCfg = Release|Any CPU
		{94D6F53C-FEEB-4BAF-A18A-69BD6614466A}.Release|Any CPU.Build.0 = Release|Any CPU
	EndGlobalSection
	GlobalSection(SolutionProperties) = preSolution
		HideSolutionNode = FALSE
	EndGlobalSection
	GlobalSection(ExtensibilityGlobals) = postSolution
		SolutionGuid = {90AD2750-C4A5-4343-9BD6-8B34C4BFAAE8}
	EndGlobalSection
EndGlobal
